
Microsoft Visual Studio Solution File, Format Version 12.00
# Visual Studio Version 17
VisualStudioVersion = 17.8.34525.116
MinimumVisualStudioVersion = 10.0.40219.1
Project("{9A19103F-16F7-4668-BE54-9A1E7A4F7556}") = "Fleet.Library", "Fleet.Library\Fleet.Library.csproj", "{94760880-1AC7-4421-8560-4C19236A9191}"
EndProject
Project("{9A19103F-16F7-4668-BE54-9A1E7A4F7556}") = "Fleet.Api", "Fleet.Api\Fleet.Api.csproj", "{F216C794-FA87-4165-A22C-791080347958}"
EndProject
Project("{9A19103F-16F7-4668-BE54-9A1E7A4F7556}") = "Fleet.EfCoreConsole", "Fleet.EfCoreConsole\Fleet.EfCoreConsole.csproj", "{D5F6C855-715E-4DB8-A76B-8975096BA9B5}"
EndProject
Project("{9A19103F-16F7-4668-BE54-9A1E7A4F7556}") = "Fleet.Identity", "Fleet.Identity\Fleet.Identity.csproj", "{C3474DDD-DD07-4BDD-AEBD-D54FC8F19421}"
EndProject
Project("{FAE04EC0-301F-11D3-BF4B-00C04F79EFBC}") = "Fleet.Core", "Fleet.Core\Fleet.Core.csproj", "{DECFC739-6C61-4AD7-A6ED-F1F9E02D2B53}"
EndProject
Project("{FAE04EC0-301F-11D3-BF4B-00C04F79EFBC}") = "Fleet.Identity.Web", "Fleet.Identity.Web\Fleet.Identity.Web.csproj", "{4410A449-B4CD-423B-922C-710D05DE6205}"
EndProject
Global
	GlobalSection(SolutionConfigurationPlatforms) = preSolution
		Debug|Any CPU = Debug|Any CPU
		Release|Any CPU = Release|Any CPU
	EndGlobalSection
	GlobalSection(ProjectConfigurationPlatforms) = postSolution
		{94760880-1AC7-4421-8560-4C19236A9191}.Debug|Any CPU.ActiveCfg = Debug|Any CPU
		{94760880-1AC7-4421-8560-4C19236A9191}.Debug|Any CPU.Build.0 = Debug|Any CPU
		{94760880-1AC7-4421-8560-4C19236A9191}.Release|Any CPU.ActiveCfg = Release|Any CPU
		{94760880-1AC7-4421-8560-4C19236A9191}.Release|Any CPU.Build.0 = Release|Any CPU
		{F216C794-FA87-4165-A22C-791080347958}.Debug|Any CPU.ActiveCfg = Debug|Any CPU
		{F216C794-FA87-4165-A22C-791080347958}.Debug|Any CPU.Build.0 = Debug|Any CPU
		{F216C794-FA87-4165-A22C-791080347958}.Release|Any CPU.ActiveCfg = Release|Any CPU
		{F216C794-FA87-4165-A22C-791080347958}.Release|Any CPU.Build.0 = Release|Any CPU
		{D5F6C855-715E-4DB8-A76B-8975096BA9B5}.Debug|Any CPU.ActiveCfg = Debug|Any CPU
		{D5F6C855-715E-4DB8-A76B-8975096BA9B5}.Debug|Any CPU.Build.0 = Debug|Any CPU
		{D5F6C855-715E-4DB8-A76B-8975096BA9B5}.Release|Any CPU.ActiveCfg = Release|Any CPU
		{D5F6C855-715E-4DB8-A76B-8975096BA9B5}.Release|Any CPU.Build.0 = Release|Any CPU
		{C3474DDD-DD07-4BDD-AEBD-D54FC8F19421}.Debug|Any CPU.ActiveCfg = Debug|Any CPU
		{C3474DDD-DD07-4BDD-AEBD-D54FC8F19421}.Debug|Any CPU.Build.0 = Debug|Any CPU
		{C3474DDD-DD07-4BDD-AEBD-D54FC8F19421}.Release|Any CPU.ActiveCfg = Release|Any CPU
		{C3474DDD-DD07-4BDD-AEBD-D54FC8F19421}.Release|Any CPU.Build.0 = Release|Any CPU
		{DECFC739-6C61-4AD7-A6ED-F1F9E02D2B53}.Debug|Any CPU.ActiveCfg = Debug|Any CPU
		{DECFC739-6C61-4AD7-A6ED-F1F9E02D2B53}.Debug|Any CPU.Build.0 = Debug|Any CPU
		{DECFC739-6C61-4AD7-A6ED-F1F9E02D2B53}.Release|Any CPU.ActiveCfg = Release|Any CPU
		{DECFC739-6C61-4AD7-A6ED-F1F9E02D2B53}.Release|Any CPU.Build.0 = Release|Any CPU
		{4410A449-B4CD-423B-922C-710D05DE6205}.Debug|Any CPU.ActiveCfg = Debug|Any CPU
		{4410A449-B4CD-423B-922C-710D05DE6205}.Debug|Any CPU.Build.0 = Debug|Any CPU
		{4410A449-B4CD-423B-922C-710D05DE6205}.Release|Any CPU.ActiveCfg = Release|Any CPU
		{4410A449-B4CD-423B-922C-710D05DE6205}.Release|Any CPU.Build.0 = Release|Any CPU
	EndGlobalSection
	GlobalSection(SolutionProperties) = preSolution
		HideSolutionNode = FALSE
	EndGlobalSection
	GlobalSection(ExtensibilityGlobals) = postSolution
		SolutionGuid = {9A01445F-DFB9-4F65-83D2-0A375DB6CD99}
	EndGlobalSection
EndGlobal
