
Microsoft Visual Studio Solution File, Format Version 12.00
# Visual Studio Version 18
VisualStudioVersion = 18.0.11222.15
MinimumVisualStudioVersion = 10.0.40219.1
Project("{9A19103F-16F7-4668-BE54-9A1E7A4F7556}") = "Fleet.Library", "Fleet.Library\Fleet.Library.csproj", "{94760880-1AC7-4421-8560-4C19236A9191}"
EndProject
Project("{9A19103F-16F7-4668-BE54-9A1E7A4F7556}") = "Fleet.EfCoreConsole", "Fleet.EfCoreConsole\Fleet.EfCoreConsole.csproj", "{D5F6C855-715E-4DB8-A76B-8975096BA9B5}"
EndProject
Project("{9A19103F-16F7-4668-BE54-9A1E7A4F7556}") = "Fleet.Identity", "Fleet.Identity\Fleet.Identity.csproj", "{C3474DDD-DD07-4BDD-AEBD-D54FC8F19421}"
EndProject
Project("{9A19103F-16F7-4668-BE54-9A1E7A4F7556}") = "Fleet.Core", "Fleet.Core\Fleet.Core.csproj", "{DECFC739-6C61-4AD7-A6ED-F1F9E02D2B53}"
EndProject
Project("{9A19103F-16F7-4668-BE54-9A1E7A4F7556}") = "Fleet.Identity.Web", "Fleet.Identity.Web\Fleet.Identity.Web.csproj", "{4410A449-B4CD-423B-922C-710D05DE6205}"
EndProject
Project("{9A19103F-16F7-4668-BE54-9A1E7A4F7556}") = "Fleet.Admin.Api", "Fleet.Admin.Api\Fleet.Admin.Api.csproj", "{29FE2E12-E2F9-48A7-AFA6-38EC39298863}"
EndProject
Project("{9A19103F-16F7-4668-BE54-9A1E7A4F7556}") = "Fleet.Manager.Api", "Fleet.Manager.Api\Fleet.Manager.Api.csproj", "{3D027148-A4E6-4A48-8E55-9D89F13C20CC}"
EndProject
Project("{2150E333-8FDC-42A3-9474-1A3956D46DE8}") = "APIs", "APIs", "{6BF1931A-D944-4CDD-85C7-82EAD930C7EB}"
EndProject
Project("{2150E333-8FDC-42A3-9474-1A3956D46DE8}") = "Tools", "Tools", "{88821D11-0D6B-4C57-9A7D-8AB5095E293B}"
EndProject
Project("{9A19103F-16F7-4668-BE54-9A1E7A4F7556}") = "DemoData.Console", "DemoData.Console\DemoData.Console.csproj", "{2AA3AADB-991B-4B2D-AE7E-8DEF029C6688}"
EndProject
Project("{9A19103F-16F7-4668-BE54-9A1E7A4F7556}") = "UserManager.Console", "UserManager.Console\UserManager.Console.csproj", "{4810AED5-B60E-4471-9D87-DCAB2427B065}"
EndProject
Project("{FAE04EC0-301F-11D3-BF4B-00C04F79EFBC}") = "Fleet.Data.PostgreSQL", "Fleet.Data.PostgreSQL\Fleet.Data.PostgreSQL.csproj", "{3B3F8E17-6410-4C8B-AA67-551023393F96}"
EndProject
Project("{FAE04EC0-301F-11D3-BF4B-00C04F79EFBC}") = "Fleet.Data.MySQL", "Fleet.Data.MySQL\Fleet.Data.MySQL.csproj", "{D364EED5-CE79-4544-80B6-9485C46D39BD}"
EndProject
Project("{FAE04EC0-301F-11D3-BF4B-00C04F79EFBC}") = "Fleet.Data.Core", "Fleet.Data.Core\Fleet.Data.Core.csproj", "{B4A670B3-6EED-4DD9-97F9-73AD9111B1D2}"
EndProject
Project("{FAE04EC0-301F-11D3-BF4B-00C04F79EFBC}") = "Fleet.Models", "Fleet.Models\Fleet.Models.csproj", "{9B339CF6-C667-4E7D-8B73-F80D036336F4}"
EndProject
Project("{FAE04EC0-301F-11D3-BF4B-00C04F79EFBC}") = "Fleet.DependencyInjection", "Fleet.DependencyInjection\Fleet.DependencyInjection.csproj", "{F9C77426-E789-4604-9A69-18C7421F31AE}"
EndProject
Project("{FAE04EC0-301F-11D3-BF4B-00C04F79EFBC}") = "Fleet.Identity.DependencyInjection", "Fleet.Identity.DependencyInjection\Fleet.Identity.DependencyInjection.csproj", "{800803CE-6DF5-4E4A-9F2C-B96BB66277EA}"
EndProject
Project("{FAE04EC0-301F-11D3-BF4B-00C04F79EFBC}") = "Fleet.Identity.Data.Core", "Fleet.Identity.Data.Core\Fleet.Identity.Data.Core.csproj", "{A2140517-3C2D-458B-8760-89F28D9CB2E1}"
EndProject
Project("{FAE04EC0-301F-11D3-BF4B-00C04F79EFBC}") = "Fleet.Identity.Models", "Fleet.Identity.Models\Fleet.Identity.Models.csproj", "{2F259266-11C0-423C-A538-459921D4BCC3}"
EndProject
Project("{2150E333-8FDC-42A3-9474-1A3956D46DE8}") = "Identity", "Identity", "{88562465-2CFF-46F5-A2CF-899E35435AFD}"
EndProject
Project("{2150E333-8FDC-42A3-9474-1A3956D46DE8}") = "Manager", "Manager", "{DECD078C-251A-47CF-8021-664067DD07F4}"
EndProject
Project("{FAE04EC0-301F-11D3-BF4B-00C04F79EFBC}") = "Fleet.Identity.Data.PostgreSQL", "Fleet.Identity.Data.PostgreSQL\Fleet.Identity.Data.PostgreSQL.csproj", "{84164C9E-10C5-4719-9061-0FDEAA7A48E8}"
EndProject
Project("{FAE04EC0-301F-11D3-BF4B-00C04F79EFBC}") = "Fleet.Identity.Data.MySQL", "Fleet.Identity.Data.MySQL\Fleet.Identity.Data.MySQL.csproj", "{06E79E1D-1046-421C-9B2A-FD40B88A1CC5}"
EndProject
Project("{FAE04EC0-301F-11D3-BF4B-00C04F79EFBC}") = "Fleet.Data.SqlServer", "Fleet.Data.SqlServer\Fleet.Data.SqlServer.csproj", "{261DF799-E9AA-4C4F-9571-CAB18C333622}"
EndProject
Project("{FAE04EC0-301F-11D3-BF4B-00C04F79EFBC}") = "Fleet.Identity.Data.SqlServer", "Fleet.Identity.Data.SqlServer\Fleet.Identity.Data.SqlServer.csproj", "{27C69017-59DA-4A4E-B889-C890E4A378ED}"
EndProject
Project("{2150E333-8FDC-42A3-9474-1A3956D46DE8}") = "Solution Items", "Solution Items", "{DBFEF4AA-14C0-436B-AE1D-82C9198C94BB}"
	ProjectSection(SolutionItems) = preProject
		.gitignore = .gitignore
	EndProjectSection
EndProject
Global
	GlobalSection(SolutionConfigurationPlatforms) = preSolution
		Debug|Any CPU = Debug|Any CPU
		Release|Any CPU = Release|Any CPU
	EndGlobalSection
	GlobalSection(ProjectConfigurationPlatforms) = postSolution
		{94760880-1AC7-4421-8560-4C19236A9191}.Debug|Any CPU.ActiveCfg = Debug|Any CPU
		{94760880-1AC7-4421-8560-4C19236A9191}.Debug|Any CPU.Build.0 = Debug|Any CPU
		{94760880-1AC7-4421-8560-4C19236A9191}.Release|Any CPU.ActiveCfg = Release|Any CPU
		{94760880-1AC7-4421-8560-4C19236A9191}.Release|Any CPU.Build.0 = Release|Any CPU
		{D5F6C855-715E-4DB8-A76B-8975096BA9B5}.Debug|Any CPU.ActiveCfg = Debug|Any CPU
		{D5F6C855-715E-4DB8-A76B-8975096BA9B5}.Debug|Any CPU.Build.0 = Debug|Any CPU
		{D5F6C855-715E-4DB8-A76B-8975096BA9B5}.Release|Any CPU.ActiveCfg = Release|Any CPU
		{D5F6C855-715E-4DB8-A76B-8975096BA9B5}.Release|Any CPU.Build.0 = Release|Any CPU
		{C3474DDD-DD07-4BDD-AEBD-D54FC8F19421}.Debug|Any CPU.ActiveCfg = Debug|Any CPU
		{C3474DDD-DD07-4BDD-AEBD-D54FC8F19421}.Debug|Any CPU.Build.0 = Debug|Any CPU
		{C3474DDD-DD07-4BDD-AEBD-D54FC8F19421}.Release|Any CPU.ActiveCfg = Release|Any CPU
		{C3474DDD-DD07-4BDD-AEBD-D54FC8F19421}.Release|Any CPU.Build.0 = Release|Any CPU
		{DECFC739-6C61-4AD7-A6ED-F1F9E02D2B53}.Debug|Any CPU.ActiveCfg = Debug|Any CPU
		{DECFC739-6C61-4AD7-A6ED-F1F9E02D2B53}.Debug|Any CPU.Build.0 = Debug|Any CPU
		{DECFC739-6C61-4AD7-A6ED-F1F9E02D2B53}.Release|Any CPU.ActiveCfg = Release|Any CPU
		{DECFC739-6C61-4AD7-A6ED-F1F9E02D2B53}.Release|Any CPU.Build.0 = Release|Any CPU
		{4410A449-B4CD-423B-922C-710D05DE6205}.Debug|Any CPU.ActiveCfg = Debug|Any CPU
		{4410A449-B4CD-423B-922C-710D05DE6205}.Debug|Any CPU.Build.0 = Debug|Any CPU
		{4410A449-B4CD-423B-922C-710D05DE6205}.Release|Any CPU.ActiveCfg = Release|Any CPU
		{4410A449-B4CD-423B-922C-710D05DE6205}.Release|Any CPU.Build.0 = Release|Any CPU
		{29FE2E12-E2F9-48A7-AFA6-38EC39298863}.Debug|Any CPU.ActiveCfg = Debug|Any CPU
		{29FE2E12-E2F9-48A7-AFA6-38EC39298863}.Debug|Any CPU.Build.0 = Debug|Any CPU
		{29FE2E12-E2F9-48A7-AFA6-38EC39298863}.Release|Any CPU.ActiveCfg = Release|Any CPU
		{29FE2E12-E2F9-48A7-AFA6-38EC39298863}.Release|Any CPU.Build.0 = Release|Any CPU
		{3D027148-A4E6-4A48-8E55-9D89F13C20CC}.Debug|Any CPU.ActiveCfg = Debug|Any CPU
		{3D027148-A4E6-4A48-8E55-9D89F13C20CC}.Debug|Any CPU.Build.0 = Debug|Any CPU
		{3D027148-A4E6-4A48-8E55-9D89F13C20CC}.Release|Any CPU.ActiveCfg = Release|Any CPU
		{3D027148-A4E6-4A48-8E55-9D89F13C20CC}.Release|Any CPU.Build.0 = Release|Any CPU
		{2AA3AADB-991B-4B2D-AE7E-8DEF029C6688}.Debug|Any CPU.ActiveCfg = Debug|Any CPU
		{2AA3AADB-991B-4B2D-AE7E-8DEF029C6688}.Debug|Any CPU.Build.0 = Debug|Any CPU
		{2AA3AADB-991B-4B2D-AE7E-8DEF029C6688}.Release|Any CPU.ActiveCfg = Release|Any CPU
		{2AA3AADB-991B-4B2D-AE7E-8DEF029C6688}.Release|Any CPU.Build.0 = Release|Any CPU
		{4810AED5-B60E-4471-9D87-DCAB2427B065}.Debug|Any CPU.ActiveCfg = Debug|Any CPU
		{4810AED5-B60E-4471-9D87-DCAB2427B065}.Debug|Any CPU.Build.0 = Debug|Any CPU
		{4810AED5-B60E-4471-9D87-DCAB2427B065}.Release|Any CPU.ActiveCfg = Release|Any CPU
		{4810AED5-B60E-4471-9D87-DCAB2427B065}.Release|Any CPU.Build.0 = Release|Any CPU
		{3B3F8E17-6410-4C8B-AA67-551023393F96}.Debug|Any CPU.ActiveCfg = Debug|Any CPU
		{3B3F8E17-6410-4C8B-AA67-551023393F96}.Debug|Any CPU.Build.0 = Debug|Any CPU
		{3B3F8E17-6410-4C8B-AA67-551023393F96}.Release|Any CPU.ActiveCfg = Release|Any CPU
		{3B3F8E17-6410-4C8B-AA67-551023393F96}.Release|Any CPU.Build.0 = Release|Any CPU
		{D364EED5-CE79-4544-80B6-9485C46D39BD}.Debug|Any CPU.ActiveCfg = Debug|Any CPU
		{D364EED5-CE79-4544-80B6-9485C46D39BD}.Debug|Any CPU.Build.0 = Debug|Any CPU
		{D364EED5-CE79-4544-80B6-9485C46D39BD}.Release|Any CPU.ActiveCfg = Release|Any CPU
		{D364EED5-CE79-4544-80B6-9485C46D39BD}.Release|Any CPU.Build.0 = Release|Any CPU
		{B4A670B3-6EED-4DD9-97F9-73AD9111B1D2}.Debug|Any CPU.ActiveCfg = Debug|Any CPU
		{B4A670B3-6EED-4DD9-97F9-73AD9111B1D2}.Debug|Any CPU.Build.0 = Debug|Any CPU
		{B4A670B3-6EED-4DD9-97F9-73AD9111B1D2}.Release|Any CPU.ActiveCfg = Release|Any CPU
		{B4A670B3-6EED-4DD9-97F9-73AD9111B1D2}.Release|Any CPU.Build.0 = Release|Any CPU
		{9B339CF6-C667-4E7D-8B73-F80D036336F4}.Debug|Any CPU.ActiveCfg = Debug|Any CPU
		{9B339CF6-C667-4E7D-8B73-F80D036336F4}.Debug|Any CPU.Build.0 = Debug|Any CPU
		{9B339CF6-C667-4E7D-8B73-F80D036336F4}.Release|Any CPU.ActiveCfg = Release|Any CPU
		{9B339CF6-C667-4E7D-8B73-F80D036336F4}.Release|Any CPU.Build.0 = Release|Any CPU
		{F9C77426-E789-4604-9A69-18C7421F31AE}.Debug|Any CPU.ActiveCfg = Debug|Any CPU
		{F9C77426-E789-4604-9A69-18C7421F31AE}.Debug|Any CPU.Build.0 = Debug|Any CPU
		{F9C77426-E789-4604-9A69-18C7421F31AE}.Release|Any CPU.ActiveCfg = Release|Any CPU
		{F9C77426-E789-4604-9A69-18C7421F31AE}.Release|Any CPU.Build.0 = Release|Any CPU
		{800803CE-6DF5-4E4A-9F2C-B96BB66277EA}.Debug|Any CPU.ActiveCfg = Debug|Any CPU
		{800803CE-6DF5-4E4A-9F2C-B96BB66277EA}.Debug|Any CPU.Build.0 = Debug|Any CPU
		{800803CE-6DF5-4E4A-9F2C-B96BB66277EA}.Release|Any CPU.ActiveCfg = Release|Any CPU
		{800803CE-6DF5-4E4A-9F2C-B96BB66277EA}.Release|Any CPU.Build.0 = Release|Any CPU
		{A2140517-3C2D-458B-8760-89F28D9CB2E1}.Debug|Any CPU.ActiveCfg = Debug|Any CPU
		{A2140517-3C2D-458B-8760-89F28D9CB2E1}.Debug|Any CPU.Build.0 = Debug|Any CPU
		{A2140517-3C2D-458B-8760-89F28D9CB2E1}.Release|Any CPU.ActiveCfg = Release|Any CPU
		{A2140517-3C2D-458B-8760-89F28D9CB2E1}.Release|Any CPU.Build.0 = Release|Any CPU
		{2F259266-11C0-423C-A538-459921D4BCC3}.Debug|Any CPU.ActiveCfg = Debug|Any CPU
		{2F259266-11C0-423C-A538-459921D4BCC3}.Debug|Any CPU.Build.0 = Debug|Any CPU
		{2F259266-11C0-423C-A538-459921D4BCC3}.Release|Any CPU.ActiveCfg = Release|Any CPU
		{2F259266-11C0-423C-A538-459921D4BCC3}.Release|Any CPU.Build.0 = Release|Any CPU
		{84164C9E-10C5-4719-9061-0FDEAA7A48E8}.Debug|Any CPU.ActiveCfg = Debug|Any CPU
		{84164C9E-10C5-4719-9061-0FDEAA7A48E8}.Debug|Any CPU.Build.0 = Debug|Any CPU
		{84164C9E-10C5-4719-9061-0FDEAA7A48E8}.Release|Any CPU.ActiveCfg = Release|Any CPU
		{84164C9E-10C5-4719-9061-0FDEAA7A48E8}.Release|Any CPU.Build.0 = Release|Any CPU
		{06E79E1D-1046-421C-9B2A-FD40B88A1CC5}.Debug|Any CPU.ActiveCfg = Debug|Any CPU
		{06E79E1D-1046-421C-9B2A-FD40B88A1CC5}.Debug|Any CPU.Build.0 = Debug|Any CPU
		{06E79E1D-1046-421C-9B2A-FD40B88A1CC5}.Release|Any CPU.ActiveCfg = Release|Any CPU
		{06E79E1D-1046-421C-9B2A-FD40B88A1CC5}.Release|Any CPU.Build.0 = Release|Any CPU
		{261DF799-E9AA-4C4F-9571-CAB18C333622}.Debug|Any CPU.ActiveCfg = Debug|Any CPU
		{261DF799-E9AA-4C4F-9571-CAB18C333622}.Debug|Any CPU.Build.0 = Debug|Any CPU
		{261DF799-E9AA-4C4F-9571-CAB18C333622}.Release|Any CPU.ActiveCfg = Release|Any CPU
		{261DF799-E9AA-4C4F-9571-CAB18C333622}.Release|Any CPU.Build.0 = Release|Any CPU
		{27C69017-59DA-4A4E-B889-C890E4A378ED}.Debug|Any CPU.ActiveCfg = Debug|Any CPU
		{27C69017-59DA-4A4E-B889-C890E4A378ED}.Debug|Any CPU.Build.0 = Debug|Any CPU
		{27C69017-59DA-4A4E-B889-C890E4A378ED}.Release|Any CPU.ActiveCfg = Release|Any CPU
		{27C69017-59DA-4A4E-B889-C890E4A378ED}.Release|Any CPU.Build.0 = Release|Any CPU
	EndGlobalSection
	GlobalSection(SolutionProperties) = preSolution
		HideSolutionNode = FALSE
	EndGlobalSection
	GlobalSection(NestedProjects) = preSolution
		{94760880-1AC7-4421-8560-4C19236A9191} = {DECD078C-251A-47CF-8021-664067DD07F4}
		{D5F6C855-715E-4DB8-A76B-8975096BA9B5} = {88821D11-0D6B-4C57-9A7D-8AB5095E293B}
		{C3474DDD-DD07-4BDD-AEBD-D54FC8F19421} = {88562465-2CFF-46F5-A2CF-899E35435AFD}
		{4410A449-B4CD-423B-922C-710D05DE6205} = {88562465-2CFF-46F5-A2CF-899E35435AFD}
		{29FE2E12-E2F9-48A7-AFA6-38EC39298863} = {6BF1931A-D944-4CDD-85C7-82EAD930C7EB}
		{3D027148-A4E6-4A48-8E55-9D89F13C20CC} = {6BF1931A-D944-4CDD-85C7-82EAD930C7EB}
		{2AA3AADB-991B-4B2D-AE7E-8DEF029C6688} = {88821D11-0D6B-4C57-9A7D-8AB5095E293B}
		{4810AED5-B60E-4471-9D87-DCAB2427B065} = {88821D11-0D6B-4C57-9A7D-8AB5095E293B}
		{3B3F8E17-6410-4C8B-AA67-551023393F96} = {DECD078C-251A-47CF-8021-664067DD07F4}
		{D364EED5-CE79-4544-80B6-9485C46D39BD} = {DECD078C-251A-47CF-8021-664067DD07F4}
		{B4A670B3-6EED-4DD9-97F9-73AD9111B1D2} = {DECD078C-251A-47CF-8021-664067DD07F4}
		{9B339CF6-C667-4E7D-8B73-F80D036336F4} = {DECD078C-251A-47CF-8021-664067DD07F4}
		{F9C77426-E789-4604-9A69-18C7421F31AE} = {DECD078C-251A-47CF-8021-664067DD07F4}
		{800803CE-6DF5-4E4A-9F2C-B96BB66277EA} = {88562465-2CFF-46F5-A2CF-899E35435AFD}
		{A2140517-3C2D-458B-8760-89F28D9CB2E1} = {88562465-2CFF-46F5-A2CF-899E35435AFD}
		{2F259266-11C0-423C-A538-459921D4BCC3} = {88562465-2CFF-46F5-A2CF-899E35435AFD}
		{84164C9E-10C5-4719-9061-0FDEAA7A48E8} = {88562465-2CFF-46F5-A2CF-899E35435AFD}
		{06E79E1D-1046-421C-9B2A-FD40B88A1CC5} = {88562465-2CFF-46F5-A2CF-899E35435AFD}
		{261DF799-E9AA-4C4F-9571-CAB18C333622} = {DECD078C-251A-47CF-8021-664067DD07F4}
		{27C69017-59DA-4A4E-B889-C890E4A378ED} = {88562465-2CFF-46F5-A2CF-899E35435AFD}
	EndGlobalSection
	GlobalSection(ExtensibilityGlobals) = postSolution
		SolutionGuid = {9A01445F-DFB9-4F65-83D2-0A375DB6CD99}
	EndGlobalSection
EndGlobal
